
Microsoft Visual Studio Solution File, Format Version 12.00
# Visual Studio Version 17
VisualStudioVersion = 17.7.34031.279
MinimumVisualStudioVersion = 10.0.40219.1
Project("{FAE04EC0-301F-11D3-BF4B-00C04F79EFBC}") = "Client", "Client\Client.csproj", "{F33CB8D9-9C71-43DB-86B7-8A805C96295A}"
EndProject
Global
	GlobalSection(SolutionConfigurationPlatforms) = preSolution
		Debug|Any CPU = Debug|Any CPU
		Release|Any CPU = Release|Any CPU
	EndGlobalSection
	GlobalSection(ProjectConfigurationPlatforms) = postSolution
		{F33CB8D9-9C71-43DB-86B7-8A805C96295A}.Debug|Any CPU.ActiveCfg = Debug|Any CPU
		{F33CB8D9-9C71-43DB-86B7-8A805C96295A}.Debug|Any CPU.Build.0 = Debug|Any CPU
		{F33CB8D9-9C71-43DB-86B7-8A805C96295A}.Release|Any CPU.ActiveCfg = Release|Any CPU
		{F33CB8D9-9C71-43DB-86B7-8A805C96295A}.Release|Any CPU.Build.0 = Release|Any CPU
	EndGlobalSection
	GlobalSection(SolutionProperties) = preSolution
		HideSolutionNode = FALSE
	EndGlobalSection
	GlobalSection(ExtensibilityGlobals) = postSolution
		SolutionGuid = {41545B8B-9DA5-4A72-8215-1D9E7C6D0019}
	EndGlobalSection
EndGlobal
